
Microsoft Visual Studio Solution File, Format Version 12.00
# Visual Studio Version 17
VisualStudioVersion = 17.3.32825.248
MinimumVisualStudioVersion = 10.0.40219.1
Project("{FAE04EC0-301F-11D3-BF4B-00C04F79EFBC}") = "FaceAuthentification", "FaceAuthentification.csproj", "{EBC46C51-F63A-472C-B750-0C0EBFFCFE5F}"
EndProject
Global
	GlobalSection(SolutionConfigurationPlatforms) = preSolution
		Debug|Any CPU = Debug|Any CPU
		Debug|x64 = Debug|x64
		Release|Any CPU = Release|Any CPU
		Release|x64 = Release|x64
	EndGlobalSection
	GlobalSection(ProjectConfigurationPlatforms) = postSolution
		{EBC46C51-F63A-472C-B750-0C0EBFFCFE5F}.Debug|Any CPU.ActiveCfg = Debug|Any CPU
		{EBC46C51-F63A-472C-B750-0C0EBFFCFE5F}.Debug|Any CPU.Build.0 = Debug|Any CPU
		{EBC46C51-F63A-472C-B750-0C0EBFFCFE5F}.Debug|x64.ActiveCfg = Debug|Any CPU
		{EBC46C51-F63A-472C-B750-0C0EBFFCFE5F}.Debug|x64.Build.0 = Debug|Any CPU
		{EBC46C51-F63A-472C-B750-0C0EBFFCFE5F}.Release|Any CPU.ActiveCfg = Release|Any CPU
		{EBC46C51-F63A-472C-B750-0C0EBFFCFE5F}.Release|Any CPU.Build.0 = Release|Any CPU
		{EBC46C51-F63A-472C-B750-0C0EBFFCFE5F}.Release|x64.ActiveCfg = Release|x64
		{EBC46C51-F63A-472C-B750-0C0EBFFCFE5F}.Release|x64.Build.0 = Release|x64
	EndGlobalSection
	GlobalSection(SolutionProperties) = preSolution
		HideSolutionNode = FALSE
	EndGlobalSection
	GlobalSection(ExtensibilityGlobals) = postSolution
		SolutionGuid = {72B88B04-DD3C-4AEE-9493-3C286F3277F5}
	EndGlobalSection
EndGlobal
